
Microsoft Visual Studio Solution File, Format Version 12.00
# Visual Studio 15
VisualStudioVersion = 15.0.27428.2037
MinimumVisualStudioVersion = 10.0.40219.1
Project("{FAE04EC0-301F-11D3-BF4B-00C04F79EFBC}") = "Project8", "Project8\Project8.csproj", "{6221FB6B-BC5D-4217-B3F4-23D86FE70EDA}"
EndProject
Global
	GlobalSection(SolutionConfigurationPlatforms) = preSolution
		Debug|Any CPU = Debug|Any CPU
		Release|Any CPU = Release|Any CPU
	EndGlobalSection
	GlobalSection(ProjectConfigurationPlatforms) = postSolution
		{6221FB6B-BC5D-4217-B3F4-23D86FE70EDA}.Debug|Any CPU.ActiveCfg = Debug|Any CPU
		{6221FB6B-BC5D-4217-B3F4-23D86FE70EDA}.Debug|Any CPU.Build.0 = Debug|Any CPU
		{6221FB6B-BC5D-4217-B3F4-23D86FE70EDA}.Release|Any CPU.ActiveCfg = Release|Any CPU
		{6221FB6B-BC5D-4217-B3F4-23D86FE70EDA}.Release|Any CPU.Build.0 = Release|Any CPU
	EndGlobalSection
	GlobalSection(SolutionProperties) = preSolution
		HideSolutionNode = FALSE
	EndGlobalSection
	GlobalSection(ExtensibilityGlobals) = postSolution
		SolutionGuid = {037ED62A-C332-48FD-83C9-FED41D03F1F8}
	EndGlobalSection
EndGlobal
